# This file is automatically @generated by Cargo.
# It is not intended for manual editing.
version = 3

[[package]]
name = "_136_只出现一次的数字"
version = "0.1.0"

[[package]]
name = "_13_罗马数字转整数"
version = "0.1.0"

[[package]]
name = "_1_两数之和"
version = "0.1.0"

[[package]]
name = "_20_有效的括号"
version = "0.1.0"

[[package]]
name = "_3_无重复字符的最长子串"
version = "0.1.0"

[[package]]
name = "_9_回文数"
version = "0.1.0"

[[package]]
name = "mytest"
version = "0.1.0"
